
Microsoft Visual Studio Solution File, Format Version 10.00
# Visual Studio 2008
Project("{FAE04EC0-301F-11D3-BF4B-00C04F79EFBC}") = "Darkfuscator", "Darkfuscator\Darkfuscator.csproj", "{FFDF9604-8D9D-474A-971B-1B30CD1E50BC}"
EndProject
Global
	GlobalSection(SolutionConfigurationPlatforms) = preSolution
		Debug|Any CPU = Debug|Any CPU
		Release|Any CPU = Release|Any CPU
	EndGlobalSection
	GlobalSection(ProjectConfigurationPlatforms) = postSolution
		{FFDF9604-8D9D-474A-971B-1B30CD1E50BC}.Debug|Any CPU.ActiveCfg = Debug|Any CPU
		{FFDF9604-8D9D-474A-971B-1B30CD1E50BC}.Debug|Any CPU.Build.0 = Debug|Any CPU
		{FFDF9604-8D9D-474A-971B-1B30CD1E50BC}.Release|Any CPU.ActiveCfg = Release|Any CPU
		{FFDF9604-8D9D-474A-971B-1B30CD1E50BC}.Release|Any CPU.Build.0 = Release|Any CPU
	EndGlobalSection
	GlobalSection(SolutionProperties) = preSolution
		HideSolutionNode = FALSE
	EndGlobalSection
EndGlobal
